
Microsoft Visual Studio Solution File, Format Version 12.00
# Visual Studio Version 16
VisualStudioVersion = 16.0.30104.148
MinimumVisualStudioVersion = 10.0.40219.1
Project("{9A19103F-16F7-4668-BE54-9A1E7A4F7556}") = "JobOfferBackend.Domain", "JobOfferBackend.Domain\JobOfferBackend.Domain.csproj", "{4727AC46-2224-476A-AFEE-BA7B0467D4E5}"
EndProject
Project("{9A19103F-16F7-4668-BE54-9A1E7A4F7556}") = "JobOfferBackend.Domain.Test", "JobOfferBackend.Domain.Test\JobOfferBackend.Domain.Test.csproj", "{042E7A61-646C-46B1-94C1-B21DA42CF34F}"
EndProject
Project("{9A19103F-16F7-4668-BE54-9A1E7A4F7556}") = "JobOfferBackend.DataAccess", "JobOfferBackend.DataAccess\JobOfferBackend.DataAccess.csproj", "{9DF149BB-5637-405D-863A-53ED4B7284E6}"
EndProject
Project("{9A19103F-16F7-4668-BE54-9A1E7A4F7556}") = "JobOfferBackend.ApplicationServices", "JobOfferBackend.ApplicationServices\JobOfferBackend.ApplicationServices.csproj", "{7A0838A3-7DB2-4C72-A34D-DFA1E2A9BB7A}"
EndProject
Project("{9A19103F-16F7-4668-BE54-9A1E7A4F7556}") = "JobOfferBackend.ApplicationServices.Test", "JobOfferBackend.ApplicationServices.Test\JobOfferBackend.ApplicationServices.Test.csproj", "{3D2F2725-3FE1-4E5A-9B08-101919F2742A}"
EndProject
Project("{9A19103F-16F7-4668-BE54-9A1E7A4F7556}") = "JobOfferBackend.WebAPI", "JobOfferBackend.WebAPI\JobOfferBackend.WebAPI.csproj", "{076ACE2F-9442-4424-A92F-CF34620CB7F0}"
EndProject
Project("{2150E333-8FDC-42A3-9474-1A3956D46DE8}") = "Utils", "Utils", "{38314FE1-E4C1-453C-A062-15DE98235AFD}"
EndProject
Project("{9A19103F-16F7-4668-BE54-9A1E7A4F7556}") = "InitialDataCreator", "InitialDataCreator\InitialDataCreator.csproj", "{D2958B52-6A73-4162-A75F-1E600888E08A}"
EndProject
Project("{9A19103F-16F7-4668-BE54-9A1E7A4F7556}") = "JobOfferBackend.Doman.Security", "JobOfferBackend.Doman.Security\JobOfferBackend.Doman.Security.csproj", "{0E761FE6-447A-4C90-9619-9852FEC7BF6B}"
EndProject
Project("{2150E333-8FDC-42A3-9474-1A3956D46DE8}") = "Tests", "Tests", "{C815AB97-F997-45E2-9629-48E3C871F1A2}"
EndProject
Project("{2150E333-8FDC-42A3-9474-1A3956D46DE8}") = "Domain", "Domain", "{E94A689C-4A2F-4C37-A439-656EB2F49AF9}"
EndProject
Project("{9A19103F-16F7-4668-BE54-9A1E7A4F7556}") = "JobOfferBackend.Domain.Common", "JobOfferBackend.Domain.Common\JobOfferBackend.Domain.Common.csproj", "{4960211F-9764-4F9C-ACD0-A38C74770AE5}"
EndProject
Project("{FAE04EC0-301F-11D3-BF4B-00C04F79EFBC}") = "JobOfferBackend.Domain.Security.Test", "JobOfferBackend.Domain.Security.Test\JobOfferBackend.Domain.Security.Test.csproj", "{6D4BD943-E541-45A8-BD78-A7695BFB2E31}"
EndProject
Global
	GlobalSection(SolutionConfigurationPlatforms) = preSolution
		Debug|Any CPU = Debug|Any CPU
		Release|Any CPU = Release|Any CPU
	EndGlobalSection
	GlobalSection(ProjectConfigurationPlatforms) = postSolution
		{4727AC46-2224-476A-AFEE-BA7B0467D4E5}.Debug|Any CPU.ActiveCfg = Debug|Any CPU
		{4727AC46-2224-476A-AFEE-BA7B0467D4E5}.Debug|Any CPU.Build.0 = Debug|Any CPU
		{4727AC46-2224-476A-AFEE-BA7B0467D4E5}.Release|Any CPU.ActiveCfg = Release|Any CPU
		{4727AC46-2224-476A-AFEE-BA7B0467D4E5}.Release|Any CPU.Build.0 = Release|Any CPU
		{042E7A61-646C-46B1-94C1-B21DA42CF34F}.Debug|Any CPU.ActiveCfg = Debug|Any CPU
		{042E7A61-646C-46B1-94C1-B21DA42CF34F}.Debug|Any CPU.Build.0 = Debug|Any CPU
		{042E7A61-646C-46B1-94C1-B21DA42CF34F}.Release|Any CPU.ActiveCfg = Release|Any CPU
		{042E7A61-646C-46B1-94C1-B21DA42CF34F}.Release|Any CPU.Build.0 = Release|Any CPU
		{9DF149BB-5637-405D-863A-53ED4B7284E6}.Debug|Any CPU.ActiveCfg = Debug|Any CPU
		{9DF149BB-5637-405D-863A-53ED4B7284E6}.Debug|Any CPU.Build.0 = Debug|Any CPU
		{9DF149BB-5637-405D-863A-53ED4B7284E6}.Release|Any CPU.ActiveCfg = Release|Any CPU
		{9DF149BB-5637-405D-863A-53ED4B7284E6}.Release|Any CPU.Build.0 = Release|Any CPU
		{7A0838A3-7DB2-4C72-A34D-DFA1E2A9BB7A}.Debug|Any CPU.ActiveCfg = Debug|Any CPU
		{7A0838A3-7DB2-4C72-A34D-DFA1E2A9BB7A}.Debug|Any CPU.Build.0 = Debug|Any CPU
		{7A0838A3-7DB2-4C72-A34D-DFA1E2A9BB7A}.Release|Any CPU.ActiveCfg = Release|Any CPU
		{7A0838A3-7DB2-4C72-A34D-DFA1E2A9BB7A}.Release|Any CPU.Build.0 = Release|Any CPU
		{3D2F2725-3FE1-4E5A-9B08-101919F2742A}.Debug|Any CPU.ActiveCfg = Debug|Any CPU
		{3D2F2725-3FE1-4E5A-9B08-101919F2742A}.Debug|Any CPU.Build.0 = Debug|Any CPU
		{3D2F2725-3FE1-4E5A-9B08-101919F2742A}.Release|Any CPU.ActiveCfg = Release|Any CPU
		{3D2F2725-3FE1-4E5A-9B08-101919F2742A}.Release|Any CPU.Build.0 = Release|Any CPU
		{076ACE2F-9442-4424-A92F-CF34620CB7F0}.Debug|Any CPU.ActiveCfg = Debug|Any CPU
		{076ACE2F-9442-4424-A92F-CF34620CB7F0}.Debug|Any CPU.Build.0 = Debug|Any CPU
		{076ACE2F-9442-4424-A92F-CF34620CB7F0}.Release|Any CPU.ActiveCfg = Release|Any CPU
		{076ACE2F-9442-4424-A92F-CF34620CB7F0}.Release|Any CPU.Build.0 = Release|Any CPU
		{D2958B52-6A73-4162-A75F-1E600888E08A}.Debug|Any CPU.ActiveCfg = Debug|Any CPU
		{D2958B52-6A73-4162-A75F-1E600888E08A}.Debug|Any CPU.Build.0 = Debug|Any CPU
		{D2958B52-6A73-4162-A75F-1E600888E08A}.Release|Any CPU.ActiveCfg = Release|Any CPU
		{D2958B52-6A73-4162-A75F-1E600888E08A}.Release|Any CPU.Build.0 = Release|Any CPU
		{0E761FE6-447A-4C90-9619-9852FEC7BF6B}.Debug|Any CPU.ActiveCfg = Debug|Any CPU
		{0E761FE6-447A-4C90-9619-9852FEC7BF6B}.Debug|Any CPU.Build.0 = Debug|Any CPU
		{0E761FE6-447A-4C90-9619-9852FEC7BF6B}.Release|Any CPU.ActiveCfg = Release|Any CPU
		{0E761FE6-447A-4C90-9619-9852FEC7BF6B}.Release|Any CPU.Build.0 = Release|Any CPU
		{4960211F-9764-4F9C-ACD0-A38C74770AE5}.Debug|Any CPU.ActiveCfg = Debug|Any CPU
		{4960211F-9764-4F9C-ACD0-A38C74770AE5}.Debug|Any CPU.Build.0 = Debug|Any CPU
		{4960211F-9764-4F9C-ACD0-A38C74770AE5}.Release|Any CPU.ActiveCfg = Release|Any CPU
		{4960211F-9764-4F9C-ACD0-A38C74770AE5}.Release|Any CPU.Build.0 = Release|Any CPU
		{6D4BD943-E541-45A8-BD78-A7695BFB2E31}.Debug|Any CPU.ActiveCfg = Debug|Any CPU
		{6D4BD943-E541-45A8-BD78-A7695BFB2E31}.Debug|Any CPU.Build.0 = Debug|Any CPU
		{6D4BD943-E541-45A8-BD78-A7695BFB2E31}.Release|Any CPU.ActiveCfg = Release|Any CPU
		{6D4BD943-E541-45A8-BD78-A7695BFB2E31}.Release|Any CPU.Build.0 = Release|Any CPU
	EndGlobalSection
	GlobalSection(SolutionProperties) = preSolution
		HideSolutionNode = FALSE
	EndGlobalSection
	GlobalSection(NestedProjects) = preSolution
		{4727AC46-2224-476A-AFEE-BA7B0467D4E5} = {E94A689C-4A2F-4C37-A439-656EB2F49AF9}
		{042E7A61-646C-46B1-94C1-B21DA42CF34F} = {C815AB97-F997-45E2-9629-48E3C871F1A2}
		{3D2F2725-3FE1-4E5A-9B08-101919F2742A} = {C815AB97-F997-45E2-9629-48E3C871F1A2}
		{D2958B52-6A73-4162-A75F-1E600888E08A} = {38314FE1-E4C1-453C-A062-15DE98235AFD}
		{0E761FE6-447A-4C90-9619-9852FEC7BF6B} = {E94A689C-4A2F-4C37-A439-656EB2F49AF9}
		{4960211F-9764-4F9C-ACD0-A38C74770AE5} = {E94A689C-4A2F-4C37-A439-656EB2F49AF9}
		{6D4BD943-E541-45A8-BD78-A7695BFB2E31} = {C815AB97-F997-45E2-9629-48E3C871F1A2}
	EndGlobalSection
	GlobalSection(ExtensibilityGlobals) = postSolution
		SolutionGuid = {9BA6066A-983B-456D-8169-F4064A3199D6}
	EndGlobalSection
EndGlobal
