
Microsoft Visual Studio Solution File, Format Version 12.00
# Visual Studio Version 16
VisualStudioVersion = 16.0.30104.148
MinimumVisualStudioVersion = 10.0.40219.1
Project("{9A19103F-16F7-4668-BE54-9A1E7A4F7556}") = "JobOffer.Domain", "JobOffer.Domain.csproj", "{4727AC46-2224-476A-AFEE-BA7B0467D4E5}"
EndProject
Project("{9A19103F-16F7-4668-BE54-9A1E7A4F7556}") = "JobOffer.Domain.Test", "..\JobOffer.Domain.Test\JobOffer.Domain.Test.csproj", "{042E7A61-646C-46B1-94C1-B21DA42CF34F}"
EndProject
Project("{9A19103F-16F7-4668-BE54-9A1E7A4F7556}") = "JobOffer.DataAccess", "..\JobOffer.DataAccess\JobOffer.DataAccess.csproj", "{9DF149BB-5637-405D-863A-53ED4B7284E6}"
EndProject
Project("{9A19103F-16F7-4668-BE54-9A1E7A4F7556}") = "JobOffer.ApplicationServices", "..\JobOffer.ApplicationServices\JobOffer.ApplicationServices.csproj", "{7A0838A3-7DB2-4C72-A34D-DFA1E2A9BB7A}"
EndProject
Project("{FAE04EC0-301F-11D3-BF4B-00C04F79EFBC}") = "JobOffer.ApplicationServices.Test", "..\JobOffer.ApplicationServices.Test\JobOffer.ApplicationServices.Test.csproj", "{3D2F2725-3FE1-4E5A-9B08-101919F2742A}"
EndProject
Global
	GlobalSection(SolutionConfigurationPlatforms) = preSolution
		Debug|Any CPU = Debug|Any CPU
		Release|Any CPU = Release|Any CPU
	EndGlobalSection
	GlobalSection(ProjectConfigurationPlatforms) = postSolution
		{4727AC46-2224-476A-AFEE-BA7B0467D4E5}.Debug|Any CPU.ActiveCfg = Debug|Any CPU
		{4727AC46-2224-476A-AFEE-BA7B0467D4E5}.Debug|Any CPU.Build.0 = Debug|Any CPU
		{4727AC46-2224-476A-AFEE-BA7B0467D4E5}.Release|Any CPU.ActiveCfg = Release|Any CPU
		{4727AC46-2224-476A-AFEE-BA7B0467D4E5}.Release|Any CPU.Build.0 = Release|Any CPU
		{042E7A61-646C-46B1-94C1-B21DA42CF34F}.Debug|Any CPU.ActiveCfg = Debug|Any CPU
		{042E7A61-646C-46B1-94C1-B21DA42CF34F}.Debug|Any CPU.Build.0 = Debug|Any CPU
		{042E7A61-646C-46B1-94C1-B21DA42CF34F}.Release|Any CPU.ActiveCfg = Release|Any CPU
		{042E7A61-646C-46B1-94C1-B21DA42CF34F}.Release|Any CPU.Build.0 = Release|Any CPU
		{9DF149BB-5637-405D-863A-53ED4B7284E6}.Debug|Any CPU.ActiveCfg = Debug|Any CPU
		{9DF149BB-5637-405D-863A-53ED4B7284E6}.Debug|Any CPU.Build.0 = Debug|Any CPU
		{9DF149BB-5637-405D-863A-53ED4B7284E6}.Release|Any CPU.ActiveCfg = Release|Any CPU
		{9DF149BB-5637-405D-863A-53ED4B7284E6}.Release|Any CPU.Build.0 = Release|Any CPU
		{7A0838A3-7DB2-4C72-A34D-DFA1E2A9BB7A}.Debug|Any CPU.ActiveCfg = Debug|Any CPU
		{7A0838A3-7DB2-4C72-A34D-DFA1E2A9BB7A}.Debug|Any CPU.Build.0 = Debug|Any CPU
		{7A0838A3-7DB2-4C72-A34D-DFA1E2A9BB7A}.Release|Any CPU.ActiveCfg = Release|Any CPU
		{7A0838A3-7DB2-4C72-A34D-DFA1E2A9BB7A}.Release|Any CPU.Build.0 = Release|Any CPU
		{3D2F2725-3FE1-4E5A-9B08-101919F2742A}.Debug|Any CPU.ActiveCfg = Debug|Any CPU
		{3D2F2725-3FE1-4E5A-9B08-101919F2742A}.Debug|Any CPU.Build.0 = Debug|Any CPU
		{3D2F2725-3FE1-4E5A-9B08-101919F2742A}.Release|Any CPU.ActiveCfg = Release|Any CPU
		{3D2F2725-3FE1-4E5A-9B08-101919F2742A}.Release|Any CPU.Build.0 = Release|Any CPU
	EndGlobalSection
	GlobalSection(SolutionProperties) = preSolution
		HideSolutionNode = FALSE
	EndGlobalSection
	GlobalSection(ExtensibilityGlobals) = postSolution
		SolutionGuid = {9BA6066A-983B-456D-8169-F4064A3199D6}
	EndGlobalSection
EndGlobal
